
Microsoft Visual Studio Solution File, Format Version 12.00
# Visual Studio Version 17
VisualStudioVersion = 17.6.33829.357
MinimumVisualStudioVersion = 10.0.40219.1
Project("{9A19103F-16F7-4668-BE54-9A1E7A4F7556}") = "AleProjects.Cms.Web", "AleProjects.CMS\AleProjects.Cms.Web.csproj", "{A5FA5171-E350-48AC-9680-9F7EC032A182}"
EndProject
Project("{D954291E-2A0B-460D-934E-DC6B0785DB48}") = "SharedCode", "SharedCode\SharedCode.shproj", "{A01AB9EB-2EDA-4C9D-930A-344046ACF8B5}"
EndProject
Project("{9A19103F-16F7-4668-BE54-9A1E7A4F7556}") = "Test", "Test\Test.csproj", "{FF8136C9-F76D-4856-869D-F4594FAB28CF}"
EndProject
Project("{9A19103F-16F7-4668-BE54-9A1E7A4F7556}") = "AleProjects.Cms.Sdk", "AleProjects.Cms.Sdk\AleProjects.Cms.Sdk.csproj", "{27CE1B76-25A4-4EE3-93B2-F1B4856747EE}"
EndProject
Global
	GlobalSection(SolutionConfigurationPlatforms) = preSolution
		Debug|Any CPU = Debug|Any CPU
		Release|Any CPU = Release|Any CPU
	EndGlobalSection
	GlobalSection(ProjectConfigurationPlatforms) = postSolution
		{A5FA5171-E350-48AC-9680-9F7EC032A182}.Debug|Any CPU.ActiveCfg = Debug|Any CPU
		{A5FA5171-E350-48AC-9680-9F7EC032A182}.Debug|Any CPU.Build.0 = Debug|Any CPU
		{A5FA5171-E350-48AC-9680-9F7EC032A182}.Release|Any CPU.ActiveCfg = Release|Any CPU
		{A5FA5171-E350-48AC-9680-9F7EC032A182}.Release|Any CPU.Build.0 = Release|Any CPU
		{FF8136C9-F76D-4856-869D-F4594FAB28CF}.Debug|Any CPU.ActiveCfg = Debug|Any CPU
		{FF8136C9-F76D-4856-869D-F4594FAB28CF}.Debug|Any CPU.Build.0 = Debug|Any CPU
		{FF8136C9-F76D-4856-869D-F4594FAB28CF}.Release|Any CPU.ActiveCfg = Release|Any CPU
		{FF8136C9-F76D-4856-869D-F4594FAB28CF}.Release|Any CPU.Build.0 = Release|Any CPU
		{27CE1B76-25A4-4EE3-93B2-F1B4856747EE}.Debug|Any CPU.ActiveCfg = Debug|Any CPU
		{27CE1B76-25A4-4EE3-93B2-F1B4856747EE}.Debug|Any CPU.Build.0 = Debug|Any CPU
		{27CE1B76-25A4-4EE3-93B2-F1B4856747EE}.Release|Any CPU.ActiveCfg = Release|Any CPU
		{27CE1B76-25A4-4EE3-93B2-F1B4856747EE}.Release|Any CPU.Build.0 = Release|Any CPU
	EndGlobalSection
	GlobalSection(SolutionProperties) = preSolution
		HideSolutionNode = FALSE
	EndGlobalSection
	GlobalSection(ExtensibilityGlobals) = postSolution
		SolutionGuid = {1C6D73CF-966C-4391-96FF-96C5513529E5}
	EndGlobalSection
	GlobalSection(SharedMSBuildProjectFiles) = preSolution
		SharedCode\SharedCode.projitems*{27ce1b76-25a4-4ee3-93b2-f1b4856747ee}*SharedItemsImports = 5
		SharedCode\SharedCode.projitems*{a01ab9eb-2eda-4c9d-930a-344046acf8b5}*SharedItemsImports = 13
		SharedCode\SharedCode.projitems*{a5fa5171-e350-48ac-9680-9f7ec032a182}*SharedItemsImports = 5
	EndGlobalSection
EndGlobal
